
Microsoft Visual Studio Solution File, Format Version 12.00
# Visual Studio Version 17
VisualStudioVersion = 17.14.36221.1 d17.14
MinimumVisualStudioVersion = 10.0.40219.1
Project("{FAE04EC0-301F-11D3-BF4B-00C04F79EFBC}") = "Loon_MyClassAndObject", "Loon_MyClassAndObject\Loon_MyClassAndObject.csproj", "{1426A402-6946-40EC-B51C-163A193882F8}"
EndProject
Global
	GlobalSection(SolutionConfigurationPlatforms) = preSolution
		Debug|Any CPU = Debug|Any CPU
		Release|Any CPU = Release|Any CPU
	EndGlobalSection
	GlobalSection(ProjectConfigurationPlatforms) = postSolution
		{1426A402-6946-40EC-B51C-163A193882F8}.Debug|Any CPU.ActiveCfg = Debug|Any CPU
		{1426A402-6946-40EC-B51C-163A193882F8}.Debug|Any CPU.Build.0 = Debug|Any CPU
		{1426A402-6946-40EC-B51C-163A193882F8}.Release|Any CPU.ActiveCfg = Release|Any CPU
		{1426A402-6946-40EC-B51C-163A193882F8}.Release|Any CPU.Build.0 = Release|Any CPU
	EndGlobalSection
	GlobalSection(SolutionProperties) = preSolution
		HideSolutionNode = FALSE
	EndGlobalSection
	GlobalSection(ExtensibilityGlobals) = postSolution
		SolutionGuid = {486BF5F9-FD5E-4461-B176-F4FEF2C935E4}
	EndGlobalSection
EndGlobal
